// !$*UTF8*$!
{
	archiveVersion = 1;
	classes = {
	};
	objectVersion = 46;
	objects = {

/* Begin PBXBuildFile section */
		62CB46DA1A9C6932005A793F /* AppDelegate.swift in Sources */ = {isa = PBXBuildFile; fileRef = 62CB46D91A9C6932005A793F /* AppDelegate.swift */; };
		62CB46DC1A9C6932005A793F /* ViewController.swift in Sources */ = {isa = PBXBuildFile; fileRef = 62CB46DB1A9C6932005A793F /* ViewController.swift */; };
		62CB46DF1A9C6932005A793F /* Main.storyboard in Resources */ = {isa = PBXBuildFile; fileRef = 62CB46DD1A9C6932005A793F /* Main.storyboard */; };
		62CB46E11A9C6932005A793F /* Images.xcassets in Resources */ = {isa = PBXBuildFile; fileRef = 62CB46E01A9C6932005A793F /* Images.xcassets */; };
		62CB46E41A9C6932005A793F /* LaunchScreen.xib in Resources */ = {isa = PBXBuildFile; fileRef = 62CB46E21A9C6932005A793F /* LaunchScreen.xib */; };
		62CB46F01A9C6932005A793F /* midtermTests.swift in Sources */ = {isa = PBXBuildFile; fileRef = 62CB46EF1A9C6932005A793F /* midtermTests.swift */; };
/* End PBXBuildFile section */

/* Begin PBXContainerItemProxy section */
		62CB46EA1A9C6932005A793F /* PBXContainerItemProxy */ = {
			isa = PBXContainerItemProxy;
			containerPortal = 62CB46CC1A9C6932005A793F /* Project object */;
			proxyType = 1;
			remoteGlobalIDString = 62CB46D31A9C6932005A793F;
			remoteInfo = midterm;
		};
/* End PBXContainerItemProxy section */

/* Begin PBXFileReference section */
		62CB46D41A9C6932005A793F /* midterm.app */ = {isa = PBXFileReference; explicitFileType = wrapper.application; includeInIndex = 0; path = midterm.app; sourceTree = BUILT_PRODUCTS_DIR; };
		62CB46D81A9C6932005A793F /* Info.plist */ = {isa = PBXFileReference; lastKnownFileType = text.plist.xml; path = Info.plist; sourceTree = "<group>"; };
		62CB46D91A9C6932005A793F /* AppDelegate.swift */ = {isa = PBXFileReference; lastKnownFileType = sourcecode.swift; path = AppDelegate.swift; sourceTree = "<group>"; };
		62CB46DB1A9C6932005A793F /* ViewController.swift */ = {isa = PBXFileReference; lastKnownFileType = sourcecode.swift; path = ViewController.swift; sourceTree = "<group>"; };
		62CB46DE1A9C6932005A793F /* Base */ = {isa = PBXFileReference; lastKnownFileType = file.storyboard; name = Base; path = Base.lproj/Main.storyboard; sourceTree = "<group>"; };
		62CB46E01A9C6932005A793F /* Images.xcassets */ = {isa = PBXFileReference; lastKnownFileType = folder.assetcatalog; path = Images.xcassets; sourceTree = "<group>"; };
		62CB46E31A9C6932005A793F /* Base */ = {isa = PBXFileReference; lastKnownFileType = file.xib; name = Base; path = Base.lproj/LaunchScreen.xib; sourceTree = "<group>"; };
		62CB46E91A9C6932005A793F /* midtermTests.xctest */ = {isa = PBXFileReference; explicitFileType = wrapper.cfbundle; includeInIndex = 0; path = midtermTests.xctest; sourceTree = BUILT_PRODUCTS_DIR; };
		62CB46EE1A9C6932005A793F /* Info.plist */ = {isa = PBXFileReference; lastKnownFileType = text.plist.xml; path = Info.plist; sourceTree = "<group>"; };
		62CB46EF1A9C6932005A793F /* midtermTests.swift */ = {isa = PBXFileReference; lastKnownFileType = sourcecode.swift; path = midtermTests.swift; sourceTree = "<group>"; };
/* End PBXFileReference section */

/* Begin PBXFrameworksBuildPhase section */
		62CB46D11A9C6932005A793F /* Frameworks */ = {
			isa = PBXFrameworksBuildPhase;
			buildActionMask = 2147483647;
			files = (
			);
			runOnlyForDeploymentPostprocessing = 0;
		};
		62CB46E61A9C6932005A793F /* Frameworks */ = {
			isa = PBXFrameworksBuildPhase;
			buildActionMask = 2147483647;
			files = (
			);
			runOnlyForDeploymentPostprocessing = 0;
		};
/* End PBXFrameworksBuildPhase section */

/* Begin PBXGroup section */
		62CB46CB1A9C6932005A793F = {
			isa = PBXGroup;
			children = (
				62CB46D61A9C6932005A793F /* midterm */,
				62CB46EC1A9C6932005A793F /* midtermTests */,
				62CB46D51A9C6932005A793F /* Products */,
			);
			sourceTree = "<group>";
		};
		62CB46D51A9C6932005A793F /* Products */ = {
			isa = PBXGroup;
			children = (
				62CB46D41A9C6932005A793F /* midterm.app */,
				62CB46E91A9C6932005A793F /* midtermTests.xctest */,
			);
			name = Products;
			sourceTree = "<group>";
		};
		62CB46D61A9C6932005A793F /* midterm */ = {
			isa = PBXGroup;
			children = (
				62CB46D91A9C6932005A793F /* AppDelegate.swift */,
				62CB46DB1A9C6932005A793F /* ViewController.swift */,
				62CB46DD1A9C6932005A793F /* Main.storyboard */,
				62CB46E01A9C6932005A793F /* Images.xcassets */,
				62CB46E21A9C6932005A793F /* LaunchScreen.xib */,
				62CB46D71A9C6932005A793F /* Supporting Files */,
			);
			path = midterm;
			sourceTree = "<group>";
		};
		62CB46D71A9C6932005A793F /* Supporting Files */ = {
			isa = PBXGroup;
			children = (
				62CB46D81A9C6932005A793F /* Info.plist */,
			);
			name = "Supporting Files";
			sourceTree = "<group>";
		};
		62CB46EC1A9C6932005A793F /* midtermTests */ = {
			isa = PBXGroup;
			children = (
				62CB46EF1A9C6932005A793F /* midtermTests.swift */,
				62CB46ED1A9C6932005A793F /* Supporting Files */,
			);
			path = midtermTests;
			sourceTree = "<group>";
		};
		62CB46ED1A9C6932005A793F /* Supporting Files */ = {
			isa = PBXGroup;
			children = (
				62CB46EE1A9C6932005A793F /* Info.plist */,
			);
			name = "Supporting Files";
			sourceTree = "<group>";
		};
/* End PBXGroup section */

/* Begin PBXNativeTarget section */
		62CB46D31A9C6932005A793F /* midterm */ = {
			isa = PBXNativeTarget;
			buildConfigurationList = 62CB46F31A9C6932005A793F /* Build configuration list for PBXNativeTarget "midterm" */;
			buildPhases = (
				62CB46D01A9C6932005A793F /* Sources */,
				62CB46D11A9C6932005A793F /* Frameworks */,
				62CB46D21A9C6932005A793F /* Resources */,
			);
			buildRules = (
			);
			dependencies = (
			);
			name = midterm;
			productName = midterm;
			productReference = 62CB46D41A9C6932005A793F /* midterm.app */;
			productType = "com.apple.product-type.application";
		};
		62CB46E81A9C6932005A793F /* midtermTests */ = {
			isa = PBXNativeTarget;
			buildConfigurationList = 62CB46F61A9C6932005A793F /* Build configuration list for PBXNativeTarget "midtermTests" */;
			buildPhases = (
				62CB46E51A9C6932005A793F /* Sources */,
				62CB46E61A9C6932005A793F /* Frameworks */,
				62CB46E71A9C6932005A793F /* Resources */,
			);
			buildRules = (
			);
			dependencies = (
				62CB46EB1A9C6932005A793F /* PBXTargetDependency */,
			);
			name = midtermTests;
			productName = midtermTests;
			productReference = 62CB46E91A9C6932005A793F /* midtermTests.xctest */;
			productType = "com.apple.product-type.bundle.unit-test";
		};
/* End PBXNativeTarget section */

/* Begin PBXProject section */
		62CB46CC1A9C6932005A793F /* Project object */ = {
			isa = PBXProject;
			attributes = {
				LastUpgradeCheck = 0610;
				ORGANIZATIONNAME = ctrlaltbelieve2;
				TargetAttributes = {
					62CB46D31A9C6932005A793F = {
						CreatedOnToolsVersion = 6.1.1;
						DevelopmentTeam = L9GR6R2227;
					};
					62CB46E81A9C6932005A793F = {
						CreatedOnToolsVersion = 6.1.1;
						TestTargetID = 62CB46D31A9C6932005A793F;
					};
				};
			};
			buildConfigurationList = 62CB46CF1A9C6932005A793F /* Build configuration list for PBXProject "midterm" */;
			compatibilityVersion = "Xcode 3.2";
			developmentRegion = English;
			hasScannedForEncodings = 0;
			knownRegions = (
				en,
				Base,
			);
			mainGroup = 62CB46CB1A9C6932005A793F;
			productRefGroup = 62CB46D51A9C6932005A793F /* Products */;
			projectDirPath = "";
			projectRoot = "";
			targets = (
				62CB46D31A9C6932005A793F /* midterm */,
				62CB46E81A9C6932005A793F /* midtermTests */,
			);
		};
/* End PBXProject section */

/* Begin PBXResourcesBuildPhase section */
		62CB46D21A9C6932005A793F /* Resources */ = {
			isa = PBXResourcesBuildPhase;
			buildActionMask = 2147483647;
			files = (
				62CB46DF1A9C6932005A793F /* Main.storyboard in Resources */,
				62CB46E41A9C6932005A793F /* LaunchScreen.xib in Resources */,
				62CB46E11A9C6932005A793F /* Images.xcassets in Resources */,
			);
			runOnlyForDeploymentPostprocessing = 0;
		};
		62CB46E71A9C6932005A793F /* Resources */ = {
			isa = PBXResourcesBuildPhase;
			buildActionMask = 2147483647;
			files = (
			);
			runOnlyForDeploymentPostprocessing = 0;
		};
/* End PBXResourcesBuildPhase section */

/* Begin PBXSourcesBuildPhase section */
		62CB46D01A9C6932005A793F /* Sources */ = {
			isa = PBXSourcesBuildPhase;
			buildActionMask = 2147483647;
			files = (
				62CB46DC1A9C6932005A793F /* ViewController.swift in Sources */,
				62CB46DA1A9C6932005A793F /* AppDelegate.swift in Sources */,
			);
			runOnlyForDeploymentPostprocessing = 0;
		};
		62CB46E51A9C6932005A793F /* Sources */ = {
			isa = PBXSourcesBuildPhase;
			buildActionMask = 2147483647;
			files = (
				62CB46F01A9C6932005A793F /* midtermTests.swift in Sources */,
			);
			runOnlyForDeploymentPostprocessing = 0;
		};
/* End PBXSourcesBuildPhase section */

/* Begin PBXTargetDependency section */
		62CB46EB1A9C6932005A793F /* PBXTargetDependency */ = {
			isa = PBXTargetDependency;
			target = 62CB46D31A9C6932005A793F /* midterm */;
			targetProxy = 62CB46EA1A9C6932005A793F /* PBXContainerItemProxy */;
		};
/* End PBXTargetDependency section */

/* Begin PBXVariantGroup section */
		62CB46DD1A9C6932005A793F /* Main.storyboard */ = {
			isa = PBXVariantGroup;
			children = (
				62CB46DE1A9C6932005A793F /* Base */,
			);
			name = Main.storyboard;
			sourceTree = "<group>";
		};
		62CB46E21A9C6932005A793F /* LaunchScreen.xib */ = {
			isa = PBXVariantGroup;
			children = (
				62CB46E31A9C6932005A793F /* Base */,
			);
			name = LaunchScreen.xib;
			sourceTree = "<group>";
		};
/* End PBXVariantGroup section */

/* Begin XCBuildConfiguration section */
		62CB46F11A9C6932005A793F /* Debug */ = {
			isa = XCBuildConfiguration;
			buildSettings = {
				ALWAYS_SEARCH_USER_PATHS = NO;
				CLANG_CXX_LANGUAGE_STANDARD = "gnu++0x";
				CLANG_CXX_LIBRARY = "libc++";
				CLANG_ENABLE_MODULES = YES;
				CLANG_ENABLE_OBJC_ARC = YES;
				CLANG_WARN_BOOL_CONVERSION = YES;
				CLANG_WARN_CONSTANT_CONVERSION = YES;
				CLANG_WARN_DIRECT_OBJC_ISA_USAGE = YES_ERROR;
				CLANG_WARN_EMPTY_BODY = YES;
				CLANG_WARN_ENUM_CONVERSION = YES;
				CLANG_WARN_INT_CONVERSION = YES;
				CLANG_WARN_OBJC_ROOT_CLASS = YES_ERROR;
				CLANG_WARN_UNREACHABLE_CODE = YES;
				CLANG_WARN__DUPLICATE_METHOD_MATCH = YES;
				"CODE_SIGN_IDENTITY[sdk=iphoneos*]" = "iPhone Developer";
				COPY_PHASE_STRIP = NO;
				ENABLE_STRICT_OBJC_MSGSEND = YES;
				GCC_C_LANGUAGE_STANDARD = gnu99;
				GCC_DYNAMIC_NO_PIC = NO;
				GCC_OPTIMIZATION_LEVEL = 0;
				GCC_PREPROCESSOR_DEFINITIONS = (
					"DEBUG=1",
					"$(inherited)",
				);
				GCC_SYMBOLS_PRIVATE_EXTERN = NO;
				GCC_WARN_64_TO_32_BIT_CONVERSION = YES;
				GCC_WARN_ABOUT_RETURN_TYPE = YES_ERROR;
				GCC_WARN_UNDECLARED_SELECTOR = YES;
				GCC_WARN_UNINITIALIZED_AUTOS = YES_AGGRESSIVE;
				GCC_WARN_UNUSED_FUNCTION = YES;
				GCC_WARN_UNUSED_VARIABLE = YES;
				IPHONEOS_DEPLOYMENT_TARGET = 8.1;
				MTL_ENABLE_DEBUG_INFO = YES;
				ONLY_ACTIVE_ARCH = YES;
				SDKROOT = iphoneos;
				SWIFT_OPTIMIZATION_LEVEL = "-Onone";
			};
			name = Debug;
		};
		62CB46F21A9C6932005A793F /* Release */ = {
			isa = XCBuildConfiguration;
			buildSettings = {
				ALWAYS_SEARCH_USER_PATHS = NO;
				CLANG_CXX_LANGUAGE_STANDARD = "gnu++0x";
				CLANG_CXX_LIBRARY = "libc++";
				CLANG_ENABLE_MODULES = YES;
				CLANG_ENABLE_OBJC_ARC = YES;
				CLANG_WARN_BOOL_CONVERSION = YES;
				CLANG_WARN_CONSTANT_CONVERSION = YES;
				CLANG_WARN_DIRECT_OBJC_ISA_USAGE = YES_ERROR;
				CLANG_WARN_EMPTY_BODY = YES;
				CLANG_WARN_ENUM_CONVERSION = YES;
				CLANG_WARN_INT_CONVERSION = YES;
				CLANG_WARN_OBJC_ROOT_CLASS = YES_ERROR;
				CLANG_WARN_UNREACHABLE_CODE = YES;
				CLANG_WARN__DUPLICATE_METHOD_MATCH = YES;
				"CODE_SIGN_IDENTITY[sdk=iphoneos*]" = "iPhone Developer";
				COPY_PHASE_STRIP = YES;
				ENABLE_NS_ASSERTIONS = NO;
				ENABLE_STRICT_OBJC_MSGSEND = YES;
				GCC_C_LANGUAGE_STANDARD = gnu99;
				GCC_WARN_64_TO_32_BIT_CONVERSION = YES;
				GCC_WARN_ABOUT_RETURN_TYPE = YES_ERROR;
				GCC_WARN_UNDECLARED_SELECTOR = YES;
				GCC_WARN_UNINITIALIZED_AUTOS = YES_AGGRESSIVE;
				GCC_WARN_UNUSED_FUNCTION = YES;
				GCC_WARN_UNUSED_VARIABLE = YES;
				IPHONEOS_DEPLOYMENT_TARGET = 8.1;
				MTL_ENABLE_DEBUG_INFO = NO;
				SDKROOT = iphoneos;
				VALIDATE_PRODUCT = YES;
			};
			name = Release;
		};
		62CB46F41A9C6932005A793F /* Debug */ = {
			isa = XCBuildConfiguration;
			buildSettings = {
				ASSETCATALOG_COMPILER_APPICON_NAME = AppIcon;
				CODE_SIGN_IDENTITY = "iPhone Developer";
				"CODE_SIGN_IDENTITY[sdk=iphoneos*]" = "iPhone Developer";
				INFOPLIST_FILE = midterm/Info.plist;
				LD_RUNPATH_SEARCH_PATHS = "$(inherited) @executable_path/Frameworks";
				PRODUCT_NAME = "$(TARGET_NAME)";
				PROVISIONING_PROFILE = "";
			};
			name = Debug;
		};
		62CB46F51A9C6932005A793F /* Release */ = {
			isa = XCBuildConfiguration;
			buildSettings = {
				ASSETCATALOG_COMPILER_APPICON_NAME = AppIcon;
				CODE_SIGN_IDENTITY = "iPhone Developer";
				"CODE_SIGN_IDENTITY[sdk=iphoneos*]" = "iPhone Developer";
				INFOPLIST_FILE = midterm/Info.plist;
				LD_RUNPATH_SEARCH_PATHS = "$(inherited) @executable_path/Frameworks";
				PRODUCT_NAME = "$(TARGET_NAME)";
				PROVISIONING_PROFILE = "";
			};
			name = Release;
		};
		62CB46F71A9C6932005A793F /* Debug */ = {
			isa = XCBuildConfiguration;
			buildSettings = {
				BUNDLE_LOADER = "$(TEST_HOST)";
				FRAMEWORK_SEARCH_PATHS = (
					"$(SDKROOT)/Developer/Library/Frameworks",
					"$(inherited)",
				);
				GCC_PREPROCESSOR_DEFINITIONS = (
					"DEBUG=1",
					"$(inherited)",
				);
				INFOPLIST_FILE = midtermTests/Info.plist;
				LD_RUNPATH_SEARCH_PATHS = "$(inherited) @executable_path/Frameworks @loader_path/Frameworks";
				PRODUCT_NAME = "$(TARGET_NAME)";
				TEST_HOST = "$(BUILT_PRODUCTS_DIR)/midterm.app/midterm";
			};
			name = Debug;
		};
		62CB46F81A9C6932005A793F /* Release */ = {
			isa = XCBuildConfiguration;
			buildSettings = {
				BUNDLE_LOADER = "$(TEST_HOST)";
				FRAMEWORK_SEARCH_PATHS = (
					"$(SDKROOT)/Developer/Library/Frameworks",
					"$(inherited)",
				);
				INFOPLIST_FILE = midtermTests/Info.plist;
				LD_RUNPATH_SEARCH_PATHS = "$(inherited) @executable_path/Frameworks @loader_path/Frameworks";
				PRODUCT_NAME = "$(TARGET_NAME)";
				TEST_HOST = "$(BUILT_PRODUCTS_DIR)/midterm.app/midterm";
			};
			name = Release;
		};
/* End XCBuildConfiguration section */

/* Begin XCConfigurationList section */
		62CB46CF1A9C6932005A793F /* Build configuration list for PBXProject "midterm" */ = {
			isa = XCConfigurationList;
			buildConfigurations = (
				62CB46F11A9C6932005A793F /* Debug */,
				62CB46F21A9C6932005A793F /* Release */,
			);
			defaultConfigurationIsVisible = 0;
			defaultConfigurationName = Release;
		};
		62CB46F31A9C6932005A793F /* Build configuration list for PBXNativeTarget "midterm" */ = {
			isa = XCConfigurationList;
			buildConfigurations = (
				62CB46F41A9C6932005A793F /* Debug */,
				62CB46F51A9C6932005A793F /* Release */,
			);
			defaultConfigurationIsVisible = 0;
			defaultConfigurationName = Release;
		};
		62CB46F61A9C6932005A793F /* Build configuration list for PBXNativeTarget "midtermTests" */ = {
			isa = XCConfigurationList;
			buildConfigurations = (
				62CB46F71A9C6932005A793F /* Debug */,
				62CB46F81A9C6932005A793F /* Release */,
			);
			defaultConfigurationIsVisible = 0;
			defaultConfigurationName = Release;
		};
/* End XCConfigurationList section */
	};
	rootObject = 62CB46CC1A9C6932005A793F /* Project object */;
}
